PODS:
  - SwiftyGif (5.4.0)
  - SwiftyJSON (5.0.1)

DEPENDENCIES:
  - SwiftyGif
  - SwiftyJSON (~> 5.0)

SPEC REPOS:
  trunk:
    - SwiftyGif
    - SwiftyJSON

SPEC CHECKSUMS:
  SwiftyGif: 5d4af95df24caf1c570dbbcb32a3b8a0763bc6d7
  SwiftyJSON: 2f33a42c6fbc52764d96f13368585094bfd8aa5e

PODFILE CHECKSUM: a514bbdee4c2ebfeaaa289648a3266f01ab91659

COCOAPODS: 1.10.1
